version = 1
revision = 3
requires-python = ">=3.12"

[[package]]
name = "anyio"
version = "4.14.1"
source = { registry = "https://pypi.org/simple" }
dependencies = [
    { name = "idna" },
    { name = "typing-extensions", marker = "python_full_version < '3.13'" },
]
sdist = { url = "https://files.pythonhosted.org/packages/3b/72/5562aabb8dd7181e8e860622a38bea08d17842b99ecd4c91f84ac95251b0/anyio-4.14.1.tar.gz", hash = "sha256:8d648a3544c1a700e3ff78615cd679e4c5c3f149904287e73687b2596963629e", size = 254831, upload-time = "2026-06-24T20:56:06.017Z" }
wheels = [
    { url = "https://files.pythonhosted.org/packages/b0/7b/90df4a0a816d98d6ea26f559d87836d494a2cf1fcf063be67df50a7bcc30/anyio-4.14.1-py3-none-any.whl", hash = "sha256:4e5533c5b8ff0a24f5d7a176cbe6877129cd183893f66b537f8f227d10527d72", size = 124875, upload-time = "2026-06-24T20:56:04.413Z" },
]

[[package]]
name = "boto3"
version = "1.43.46"
source = { registry = "https://pypi.org/simple" }
dependencies = [
    { name = "botocore" },
    { name = "jmespath" },
    { name = "s3transfer" },
]
sdist = { url = "https://files.pythonhosted.org/packages/f2/e7/976bf3dfe0aa5d7f31bec2f2cf57c79641620c910a39bc843a237aa9592d/boto3-1.43.46.tar.gz", hash = "sha256:66c0d943b049a46a492ec4ec2ebe73c930b1842c7137bee83aad6d93e95d4d96", size = 112654, upload-time = "2026-07-10T19:32:12.498Z" }
wheels = [
    { url = "https://files.pythonhosted.org/packages/ef/1d/c52e66ff32ba7911664e6c4c2ac62e1c6d2d1e7550c7ac185d3f4b70a8a4/boto3-1.43.46-py3-none-any.whl", hash = "sha256:69453e2c1bcb9fd9806527ab99950cacfc2826cb0dce9a3a0414d19270c06c3c", size = 140031, upload-time = "2026-07-10T19:32:11.129Z" },
]

[[package]]
name = "botocore"
version = "1.43.46"
source = { registry = "https://pypi.org/simple" }
dependencies = [
    { name = "jmespath" },
    { name = "python-dateutil" },
    { name = "urllib3" },
]
sdist = { url = "https://files.pythonhosted.org/packages/7d/f1/1917891851ac5ac09bb9f4862b8fc9252a009d7c24e8688bb67e4383d9e7/botocore-1.43.46.tar.gz", hash = "sha256:59f2e1ac3cdc66d191cae91c0804bc41847ce817dc8147cf43eaada8f76a5533", size = 15694635, upload-time = "2026-07-10T19:32:00.437Z" }
wheels = [
    { url = "https://files.pythonhosted.org/packages/0e/f2/4bd8f2f419088feb3ce55f0ca91040ff902f402edfd197450b20a2e1d533/botocore-1.43.46-py3-none-any.whl", hash = "sha256:cb673891e623ae6e6a1bf24d94ef169504f3eb02584adb5d5bee2f6aae819b60", size = 15380350, upload-time = "2026-07-10T19:31:57.616Z" },
]

[[package]]
name = "certifi"
version = "2026.6.17"
source = { registry = "https://pypi.org/simple" }
sdist = { url = "https://files.pythonhosted.org/packages/c9/c7/424b75da314c1045981bd9777432fad05a9e0c69daa4ed7e308bbaffe405/certifi-2026.6.17.tar.gz", hash = "sha256:024c88eeec92ca068db80f02b8b07c9cef7b9fe261d1d535abfd5abd6f6af432", size = 134594, upload-time = "2026-06-17T10:31:07.894Z" }
wheels = [
    { url = "https://files.pythonhosted.org/packages/ef/2f/c5464532e965badff2f4c4c1a3a83f5697f0d7c407ed0cda44aaa99bb451/certifi-2026.6.17-py3-none-any.whl", hash = "sha256:2227dcbaafe0d2f59279d1762ddddc37783ed4354594f194ffc31d20f41fc3db", size = 133289, upload-time = "2026-06-17T10:31:06.348Z" },
]

[[package]]
name = "click"
version = "8.4.2"
source = { registry = "https://pypi.org/simple" }
dependencies = [
    { name = "colorama", marker = "sys_platform == 'win32'" },
]
sdist = { url = "https://files.pythonhosted.org/packages/76/d4/81420972a676e8ffea40450d8c8c92943e7218a78fe9b64359836cc9876b/click-8.4.2.tar.gz", hash = "sha256:9a6cea6e60b17ebe0a44c5cc636d94f09bd66142c1cd7d8b4cd731c4917a15f6", size = 338000, upload-time = "2026-06-24T17:45:15.148Z" }
wheels = [
    { url = "https://files.pythonhosted.org/packages/fb/e2/79c688af8b210d232694e31e59da9f6ec747bae31c3f5946e4e9b98860d5/click-8.4.2-py3-none-any.whl", hash = "sha256:e6f9f66136c816745b9d65817da91d61d957fb16e02e4dcd0552553c5a197b76", size = 119243, upload-time = "2026-06-24T17:45:13.73Z" },
]

[[package]]
name = "colorama"
version = "0.4.6"
source = { registry = "https://pypi.org/simple" }
sdist = { url = "https://files.pythonhosted.org/packages/d8/53/6f443c9a4a8358a93a6792e2acffb9d9d5cb0a5cfd8802644b7b1c9a02e4/colorama-0.4.6.tar.gz", hash = "sha256:08695f5cb7ed6e0531a20572697297273c47b8cae5a63ffc6d6ed5c201be6e44", size = 27697, upload-time = "2022-10-25T02:36:22.414Z" }
wheels = [
    { url = "https://files.pythonhosted.org/packages/d1/d6/3965ed04c63042e047cb6a3e6ed1a63a35087b6a609aa3a15ed8ac56c221/colorama-0.4.6-py2.py3-none-any.whl", hash = "sha256:4f1d9991f5acc0ca119f9d443620b77f9d6b33703e51011c16baf57afb285fc6", size = 25335, upload-time = "2022-10-25T02:36:20.889Z" },
]

[[package]]
name = "duckdb"
version = "1.5.4"
source = { registry = "https://pypi.org/simple" }
sdist = { url = "https://files.pythonhosted.org/packages/31/29/9bad86ed7aa812d8c822a27c15c355b6d5423b991feeec86ed18027b6daa/duckdb-1.5.4.tar.gz", hash = "sha256:f9e32f1cdd106793d79d190186bed9e75289d51e68bd9174e47c04bffedeab6f", size = 18046634, upload-time = "2026-06-17T10:48:52.499Z" }
wheels = [
    { url = "https://files.pythonhosted.org/packages/c8/f2/e2f4b477ae3a3b40e8b5f429832e48edb62ed9da99807cc4902e157e5646/duckdb-1.5.4-cp312-cp312-macosx_10_13_universal2.whl", hash = "sha256:291a9e7502551170af989ff63139a7a49e99d68edbc5ef5017ac27541fe54c65", size = 32708876, upload-time = "2026-06-17T10:48:01.527Z" },
    { url = "https://files.pythonhosted.org/packages/2e/2b/b698d82a5e1e30b6a05748d72045f672994c6b22f4f0f8423523608b991f/duckdb-1.5.4-cp312-cp312-macosx_10_13_x86_64.whl", hash = "sha256:83e8c089bbb756ca4471d8b05943b80a106058697cf00615e70423106bb783bc", size = 17346125, upload-time = "2026-06-17T10:48:04.035Z" },
    { url = "https://files.pythonhosted.org/packages/71/75/37e13f39268eaf34864453b3a039c4a1ff0b088d3eae45a4289b41c98c1b/duckdb-1.5.4-cp312-cp312-macosx_11_0_arm64.whl", hash = "sha256:ff96d2a342b200e1ec6f1f19986c77f4ac16a49b6112f71c5b763989203a9d60", size = 15488133, upload-time = "2026-06-17T10:48:06.312Z" },
    { url = "https://files.pythonhosted.org/packages/cc/59/2d082af578f689231798245b54562c61416e49049b0bda81a06c56a4b53e/duckdb-1.5.4-cp312-cp312-manylinux_2_26_aarch64.manylinux_2_28_aarch64.whl", hash = "sha256:8f935ef210ab00bc94bb1e3052697adaa36bb0ce7bdfeda8b0f34e2ff1643870", size = 19367895, upload-time = "2026-06-17T10:48:08.59Z" },
    { url = "https://files.pythonhosted.org/packages/52/2b/55c34d2863a76ca824ef8274691e84240b4ff1acde3d231709e82557c240/duckdb-1.5.4-cp312-cp312-manylinux_2_26_x86_64.manylinux_2_28_x86_64.whl", hash = "sha256:0cda263d8c20addb8d4f95464787cbe0af1144f7ab7e21db3709fb826ee01725", size = 21486499, upload-time = "2026-06-17T10:48:10.963Z" },
    { url = "https://files.pythonhosted.org/packages/cf/30/ade5952b8182fac86fab43b95ebe3836e66381d0ad64eb1e54bd8207c988/duckdb-1.5.4-cp312-cp312-win_amd64.whl", hash = "sha256:266c7c909558ce7377f57d082cee408aadebdd9111be017558ca54e44a031037", size = 13147934, upload-time = "2026-06-17T10:48:13.061Z" },
    { url = "https://files.pythonhosted.org/packages/f5/00/278f0f70e25b9911afe2fd227b9460f2e6d76177f0dcc03f7f1454afefa5/duckdb-1.5.4-cp312-cp312-win_arm64.whl", hash = "sha256:f14e79a006341f29ee5a2692a24dac5114e77533d579c57ec39124adf0135033", size = 13965235, upload-time = "2026-06-17T10:48:15.782Z" },
    { url = "https://files.pythonhosted.org/packages/da/69/3fcb34e523a9bad1f0557a6c7691a71ba66c43a05e5be9ee96a9a841ed65/duckdb-1.5.4-cp313-cp313-macosx_10_13_universal2.whl", hash = "sha256:42a612e67d64450b446eb69695290d460713eef46e0f64467ab9dfe96264ee05", size = 32708366, upload-time = "2026-06-17T10:48:18.084Z" },
    { url = "https://files.pythonhosted.org/packages/f5/5f/bff5054c2c1d65decab36aa6296621e51a2a575a9f250db7ab9b83a325d6/duckdb-1.5.4-cp313-cp313-macosx_10_13_x86_64.whl", hash = "sha256:3fb6f07d54ecf4d0d3c5179a2361fdddfafa14de4fc42696de4632479b703421", size = 17345735, upload-time = "2026-06-17T10:48:20.67Z" },
    { url = "https://files.pythonhosted.org/packages/93/12/d1b2b344e9699246aada6f9de5156e708fb476e2780e5bff9b5d95fe11d9/duckdb-1.5.4-cp313-cp313-macosx_11_0_arm64.whl", hash = "sha256:0f32ad7e0286c1c29ab6c73b29118c86101f8eee46aae54f54d0b50916f542f6", size = 15488568, upload-time = "2026-06-17T10:48:23.038Z" },
    { url = "https://files.pythonhosted.org/packages/c1/d1/ac56c6096e3e95da60b2c5dd5a0f0eb5540a80622e2e4f8faab893ec4e96/duckdb-1.5.4-cp313-cp313-manylinux_2_26_aarch64.manylinux_2_28_aarch64.whl", hash = "sha256:698ec90bd5d5538bd5f6d212a4b61af443d240703cf45f134738535026556ea5", size = 19368184, upload-time = "2026-06-17T10:48:25.601Z" },
    { url = "https://files.pythonhosted.org/packages/1e/0b/2ae4c3e157a19d9b4ac1f09a5dea6f93012334cc2db09f1e0c71eb99693d/duckdb-1.5.4-cp313-cp313-manylinux_2_26_x86_64.manylinux_2_28_x86_64.whl", hash = "sha256:136cea7f886b78caf4035485b4b1e766e8b309e999f9e83a966f81ebb8122844", size = 21486523, upload-time = "2026-06-17T10:48:27.817Z" },
    { url = "https://files.pythonhosted.org/packages/64/7b/c3d8d21e0d0db8faa81eeeb3a55b9932f5a0a16466cb968dc713a653d701/duckdb-1.5.4-cp313-cp313-win_amd64.whl", hash = "sha256:bd6777e8ddd74fb603a6d09766bfcff28638189f8aaa61fc0dffd9e9a4baa8e5", size = 13147807, upload-time = "2026-06-17T10:48:30.017Z" },
    { url = "https://files.pythonhosted.org/packages/44/48/ddf8d3740e3d28582944f70d84e720b5dc28c10ec22b668a0e0bd965f2f2/duckdb-1.5.4-cp313-cp313-win_arm64.whl", hash = "sha256:73f4878a3012283024a64a1909e440aac12091ef336f671fc142f7e87449ce0c", size = 13965189, upload-time = "2026-06-17T10:48:32.251Z" },
    { url = "https://files.pythonhosted.org/packages/62/01/67ac4cbc8e552a1e14c029b5c443d828e68f94d5d913c574f577e1db277e/duckdb-1.5.4-cp314-cp314-macosx_10_15_universal2.whl", hash = "sha256:4647968629d0677bbcc2416c7aeda8685eb84e4ca15a6dbd4f82a66cfc91a532", size = 32714364, upload-time = "2026-06-17T10:48:34.724Z" },
    { url = "https://files.pythonhosted.org/packages/4e/0e/eb44d983fa56b175f971eea251bde284a36d26cbb93fcb68035061f54078/duckdb-1.5.4-cp314-cp314-macosx_10_15_x86_64.whl", hash = "sha256:e8fcef301cf68d3951ea1eb8ac4d76cea0a6f6a08f4c78fe4026fc96d217bebc", size = 17349820, upload-time = "2026-06-17T10:48:37.126Z" },
    { url = "https://files.pythonhosted.org/packages/10/b2/b9dc7624b105d414585b8530451c1162c0b4750c0be9be2e497bb47a8a9b/duckdb-1.5.4-cp314-cp314-macosx_11_0_arm64.whl", hash = "sha256:f6f39cd0dc6948dee17fd130aec55114f97a8ef6e1db519b9774087962bc5c8c", size = 15498160, upload-time = "2026-06-17T10:48:40.032Z" },
    { url = "https://files.pythonhosted.org/packages/b7/57/61356444f6a8c62dec3c3d129abfc53f428de1d484093d1bb381db441231/duckdb-1.5.4-cp314-cp314-manylinux_2_26_aarch64.manylinux_2_28_aarch64.whl", hash = "sha256:262f068158beb5943f2c618f4e54b46db8306b959f90dce956f90a89f613673d", size = 19374183, upload-time = "2026-06-17T10:48:42.698Z" },
    { url = "https://files.pythonhosted.org/packages/b0/f4/d5d633dd7c5138d8f7c434e6ac2553c831b7fb658494efa8d0bc73df8623/duckdb-1.5.4-cp314-cp314-manylinux_2_26_x86_64.manylinux_2_28_x86_64.whl", hash = "sha256:4d2307a76d199077b0055b354e90e857479461a0d875437535dd4833172c8b6d", size = 21487202, upload-time = "2026-06-17T10:48:45.407Z" },
    { url = "https://files.pythonhosted.org/packages/c0/26/5be13bbd5c3421dccfc1ad4ca9da4b97c5a3ddd73f66542092f3167ec52c/duckdb-1.5.4-cp314-cp314-win_amd64.whl", hash = "sha256:6dcbb81a1276bc48deb4d562bce4f8895e4fc6348750a096e30052345c6d6552", size = 13666989, upload-time = "2026-06-17T10:48:47.764Z" },
    { url = "https://files.pythonhosted.org/packages/dc/82/4d52f3f9f9703a226b26b80bdae3f6905aeefe5221bf1815fc93ff02ca25/duckdb-1.5.4-cp314-cp314-win_arm64.whl", hash = "sha256:0f8722346024e5d9f02b58bf7b0491a629f97fdc8a04a10e432940f471ee387a", size = 14449863, upload-time = "2026-06-17T10:48:50.18Z" },
]

[[package]]
name = "h11"
version = "0.16.0"
source = { registry = "https://pypi.org/simple" }
sdist = { url = "https://files.pythonhosted.org/packages/01/ee/02a2c011bdab74c6fb3c75474d40b3052059d95df7e73351460c8588d963/h11-0.16.0.tar.gz", hash = "sha256:4e35b956cf45792e4caa5885e69fba00bdbc6ffafbfa020300e549b208ee5ff1", size = 101250, upload-time = "2025-04-24T03:35:25.427Z" }
wheels = [
    { url = "https://files.pythonhosted.org/packages/04/4b/29cac41a4d98d144bf5f6d33995617b185d14b22401f75ca86f384e87ff1/h11-0.16.0-py3-none-any.whl", hash = "sha256:63cf8bbe7522de3bf65932fda1d9c2772064ffb3dae62d55932da54b31cb6c86", size = 37515, upload-time = "2025-04-24T03:35:24.344Z" },
]

[[package]]
name = "httpcore"
version = "1.0.9"
source = { registry = "https://pypi.org/simple" }
dependencies = [
    { name = "certifi" },
    { name = "h11" },
]
sdist = { url = "https://files.pythonhosted.org/packages/06/94/82699a10bca87a5556c9c59b5963f2d039dbd239f25bc2a63907a05a14cb/httpcore-1.0.9.tar.gz", hash = "sha256:6e34463af53fd2ab5d807f399a9b45ea31c3dfa2276f15a2c3f00afff6e176e8", size = 85484, upload-time = "2025-04-24T22:06:22.219Z" }
wheels = [
    { url = "https://files.pythonhosted.org/packages/7e/f5/f66802a942d491edb555dd61e3a9961140fd64c90bce1eafd741609d334d/httpcore-1.0.9-py3-none-any.whl", hash = "sha256:2d400746a40668fc9dec9810239072b40b4484b640a8c38fd654a024c7a1bf55", size = 78784, upload-time = "2025-04-24T22:06:20.566Z" },
]

[[package]]
name = "httpx"
version = "0.28.1"
source = { registry = "https://pypi.org/simple" }
dependencies = [
    { name = "anyio" },
    { name = "certifi" },
    { name = "httpcore" },
    { name = "idna" },
]
sdist = { url = "https://files.pythonhosted.org/packages/b1/df/48c586a5fe32a0f01324ee087459e112ebb7224f646c0b5023f5e79e9956/httpx-0.28.1.tar.gz", hash = "sha256:75e98c5f16b0f35b567856f597f06ff2270a374470a5c2392242528e3e3e42fc", size = 141406, upload-time = "2024-12-06T15:37:23.222Z" }
wheels = [
    { url = "https://files.pythonhosted.org/packages/2a/39/e50c7c3a983047577ee07d2a9e53faf5a69493943ec3f6a384bdc792deb2/httpx-0.28.1-py3-none-any.whl", hash = "sha256:d909fcccc110f8c7faf814ca82a9a4d816bc5a6dbfea25d6591d6985b8ba59ad", size = 73517, upload-time = "2024-12-06T15:37:21.509Z" },
]

[[package]]
name = "idna"
version = "3.18"
source = { registry = "https://pypi.org/simple" }
sdist = { url = "https://files.pythonhosted.org/packages/cd/63/9496c57188a2ee585e0f1db071d75089a11e98aa86eb99d9d7618fc1edce/idna-3.18.tar.gz", hash = "sha256:ffb385a7e039654cef1ab9ef32c6fafe283c0c0467bba1d9029738ce4a14a848", size = 196711, upload-time = "2026-06-02T14:34:07.794Z" }
wheels = [
    { url = "https://files.pythonhosted.org/packages/1e/5e/d4e9f1a599fb8e573b7b87160658329fbf28d19eac2718f51fc3def3aa5a/idna-3.18-py3-none-any.whl", hash = "sha256:7f952cbe720b688055e3f87de14f5c3e5fdaa8bc3928985c4077ca689de849a2", size = 65455, upload-time = "2026-06-02T14:34:06.319Z" },
]

[[package]]
name = "iniconfig"
version = "2.3.0"
source = { registry = "https://pypi.org/simple" }
sdist = { url = "https://files.pythonhosted.org/packages/72/34/14ca021ce8e5dfedc35312d08ba8bf51fdd999c576889fc2c24cb97f4f10/iniconfig-2.3.0.tar.gz", hash = "sha256:c76315c77db068650d49c5b56314774a7804df16fee4402c1f19d6d15d8c4730", size = 20503, upload-time = "2025-10-18T21:55:43.219Z" }
wheels = [
    { url = "https://files.pythonhosted.org/packages/cb/b1/3846dd7f199d53cb17f49cba7e651e9ce294d8497c8c150530ed11865bb8/iniconfig-2.3.0-py3-none-any.whl", hash = "sha256:f631c04d2c48c52b84d0d0549c99ff3859c98df65b3101406327ecc7d53fbf12", size = 7484, upload-time = "2025-10-18T21:55:41.639Z" },
]

[[package]]
name = "jmespath"
version = "1.1.0"
source = { registry = "https://pypi.org/simple" }
sdist = { url = "https://files.pythonhosted.org/packages/d3/59/322338183ecda247fb5d1763a6cbe46eff7222eaeebafd9fa65d4bf5cb11/jmespath-1.1.0.tar.gz", hash = "sha256:472c87d80f36026ae83c6ddd0f1d05d4e510134ed462851fd5f754c8c3cbb88d", size = 27377, upload-time = "2026-01-22T16:35:26.279Z" }
wheels = [
    { url = "https://files.pythonhosted.org/packages/14/2f/967ba146e6d58cf6a652da73885f52fc68001525b4197effc174321d70b4/jmespath-1.1.0-py3-none-any.whl", hash = "sha256:a5663118de4908c91729bea0acadca56526eb2698e83de10cd116ae0f4e97c64", size = 20419, upload-time = "2026-01-22T16:35:24.919Z" },
]

[[package]]
name = "packaging"
version = "26.2"
source = { registry = "https://pypi.org/simple" }
sdist = { url = "https://files.pythonhosted.org/packages/d7/f1/e7a6dd94a8d4a5626c03e4e99c87f241ba9e350cd9e6d75123f992427270/packaging-26.2.tar.gz", hash = "sha256:ff452ff5a3e828ce110190feff1178bb1f2ea2281fa2075aadb987c2fb221661", size = 228134, upload-time = "2026-04-24T20:15:23.917Z" }
wheels = [
    { url = "https://files.pythonhosted.org/packages/df/b2/87e62e8c3e2f4b32e5fe99e0b86d576da1312593b39f47d8ceef365e95ed/packaging-26.2-py3-none-any.whl", hash = "sha256:5fc45236b9446107ff2415ce77c807cee2862cb6fac22b8a73826d0693b0980e", size = 100195, upload-time = "2026-04-24T20:15:22.081Z" },
]

[[package]]
name = "pluggy"
version = "1.6.0"
source = { registry = "https://pypi.org/simple" }
sdist = { url = "https://files.pythonhosted.org/packages/f9/e2/3e91f31a7d2b083fe6ef3fa267035b518369d9511ffab804f839851d2779/pluggy-1.6.0.tar.gz", hash = "sha256:7dcc130b76258d33b90f61b658791dede3486c3e6bfb003ee5c9bfb396dd22f3", size = 69412, upload-time = "2025-05-15T12:30:07.975Z" }
wheels = [
    { url = "https://files.pythonhosted.org/packages/54/20/4d324d65cc6d9205fabedc306948156824eb9f0ee1633355a8f7ec5c66bf/pluggy-1.6.0-py3-none-any.whl", hash = "sha256:e920276dd6813095e9377c0bc5566d94c932c33b27a3e3945d8389c374dd4746", size = 20538, upload-time = "2025-05-15T12:30:06.134Z" },
]

[[package]]
name = "pyarrow"
version = "25.0.0"
source = { registry = "https://pypi.org/simple" }
sdist = { url = "https://files.pythonhosted.org/packages/27/f3/95428098d1fa7d04432fb750eed06b41304c2f6a5d3319985e64db2d9d41/pyarrow-25.0.0.tar.gz", hash = "sha256:d2d697008b5ec06d75952ef260c2e9a8a0f6ccfce24266c04c9c8ade927cb3b4", size = 1199181, upload-time = "2026-07-10T08:29:50.116Z" }
wheels = [
    { url = "https://files.pythonhosted.org/packages/73/44/fdd3a4377807b7dcabe2d4b5aa99dbbc98e2e5df3f1ca4e7f0aec492d987/pyarrow-25.0.0-cp312-cp312-macosx_12_0_arm64.whl", hash = "sha256:149730a3d1f0fb59d663a0b8aa210adfd9c17c27cd94a0d143e60daea8320d4e", size = 35850884, upload-time = "2026-07-10T08:26:47.357Z" },
    { url = "https://files.pythonhosted.org/packages/bf/71/9f053177a7709b8c90abb00a2375b916286f9f0d6cfb21a5cadd4ef811e8/pyarrow-25.0.0-cp312-cp312-macosx_12_0_x86_64.whl", hash = "sha256:0721332c30fdd453fdd1fc203b2ac1f4c9db5aea28fa38d41f2574c4b068b9ec", size = 37616197, upload-time = "2026-07-10T08:26:53.564Z" },
    { url = "https://files.pythonhosted.org/packages/95/1a/22bfb6597dcdc861fa83c39c06e1457cb56f698940eff42fbb25de30e8e5/pyarrow-25.0.0-cp312-cp312-manylinux_2_28_aarch64.whl", hash = "sha256:fa1482b3da10cac2d4db6e26b81da543e237616af2ef6d466018b31ca586496f", size = 46841966, upload-time = "2026-07-10T08:27:07.685Z" },
    { url = "https://files.pythonhosted.org/packages/55/0e/cd705c042bc4fe7022478db577fcab4abdcfabb9bc37ab7a75556b3fcb2b/pyarrow-25.0.0-cp312-cp312-manylinux_2_28_x86_64.whl", hash = "sha256:5d1dbf24e151042f2fa3c129563f65d66674128868496fb008c4272b16bdf778", size = 50088993, upload-time = "2026-07-10T08:27:14.268Z" },
    { url = "https://files.pythonhosted.org/packages/98/ee/d822e1ee31fe31ec5d057210e0605c950b975dcd8d9a332976cc859a9df8/pyarrow-25.0.0-cp312-cp312-musllinux_1_2_aarch64.whl", hash = "sha256:20887a762dd61dcc530f93a140840ab1f6aa7836b33270e42d627ab3cf11e537", size = 49941005, upload-time = "2026-07-10T08:27:21.274Z" },
    { url = "https://files.pythonhosted.org/packages/33/1b/207a90cc64619a095eb75a263ae069735f2810056d43c667befd573ec083/pyarrow-25.0.0-cp312-cp312-musllinux_1_2_x86_64.whl", hash = "sha256:58d1ab556b0cea1c93fdb799b24ad58adb2f2a2788dbce782a94f64ae1a5cc9b", size = 53112355, upload-time = "2026-07-10T08:27:27.911Z" },
    { url = "https://files.pythonhosted.org/packages/7e/fe/81d1e5f8beed15c01e98649d5c6e2167b67fd395884a2488f18bf1cf0dba/pyarrow-25.0.0-cp312-cp312-win_amd64.whl", hash = "sha256:3f356afe61186395c861d5cd63dc21ff7d5fa335012a4668d979257df7fea0f5", size = 27945954, upload-time = "2026-07-10T08:27:32.903Z" },
    { url = "https://files.pythonhosted.org/packages/6c/c8/098ce17d778fd9d29e40bb8c5f19a40cc90c3f0b46c9057b0d7993f42f54/pyarrow-25.0.0-cp313-cp313-macosx_12_0_arm64.whl", hash = "sha256:8831a3ba52fa7cdb78d368d968b1dcd06171e6dff5461e16d90de91d371e47bc", size = 35844549, upload-time = "2026-07-10T08:27:37.956Z" },
    { url = "https://files.pythonhosted.org/packages/bc/66/24c28877219abf6263d909b1592c97ff82c59f13a59acbed11fc87c0654f/pyarrow-25.0.0-cp313-cp313-macosx_12_0_x86_64.whl", hash = "sha256:5f4bacb60f91dd2fca6c52f1b9a0012cd090e0294f1f781dc1881a247a352f8e", size = 37610397, upload-time = "2026-07-10T08:27:43.803Z" },
    { url = "https://files.pythonhosted.org/packages/53/55/6d1d5f5aff317ec5de9421594679ed51ed828fe7e2ce209327f819d801e4/pyarrow-25.0.0-cp313-cp313-manylinux_2_28_aarch64.whl", hash = "sha256:59516c822d5fd8e544aaa0dfe72f36fed5d4c24ea8390aab1bcd31d7e959c6be", size = 46841701, upload-time = "2026-07-10T08:27:49.741Z" },
    { url = "https://files.pythonhosted.org/packages/b5/5d/f790fb6965ab54c9da0dda7856abc75fd0d7648d865f8d603c111d203a64/pyarrow-25.0.0-cp313-cp313-manylinux_2_28_x86_64.whl", hash = "sha256:6f9dbd83e91c239a1f5ee7ce13f108b5f6c0efbe40a4375260d8f08b43ad05e9", size = 50090118, upload-time = "2026-07-10T08:27:56.051Z" },
    { url = "https://files.pythonhosted.org/packages/0c/8c/faf025357ebf31bc96777f234277aa31e2aeca6dd4ecaa391f29085473c2/pyarrow-25.0.0-cp313-cp313-musllinux_1_2_aarch64.whl", hash = "sha256:18dcc8cc50b5e72eae6fcbfc6c8776c21a007176b27a3cdec5c2f5bcf126708d", size = 49945559, upload-time = "2026-07-10T08:28:01.927Z" },
    { url = "https://files.pythonhosted.org/packages/07/a1/bd051871708ea99a5e0fc711926c26c6f2c6d0130c7aaac8093e34998af6/pyarrow-25.0.0-cp313-cp313-musllinux_1_2_x86_64.whl", hash = "sha256:4ec1895a87aa834c3b99b7a1e758747eb8bb57f922b32c0e0fa04afb8d6998b1", size = 53114238, upload-time = "2026-07-10T08:28:08.594Z" },
    { url = "https://files.pythonhosted.org/packages/7c/31/737f0c3cffcd6af647849477d1dd68045deac2e3963c3f9f211bedc48540/pyarrow-25.0.0-cp313-cp313-win_amd64.whl", hash = "sha256:77c8d1ae46a44b4006e8db1cc977bbcc6ce4873c92f74137d68e45503b97fb18", size = 27861162, upload-time = "2026-07-10T08:28:12.975Z" },
    { url = "https://files.pythonhosted.org/packages/55/c7/581ccbcdb3d897eb2893328d68db3d52eca373bf2a7e964d0a6276b8e85b/pyarrow-25.0.0-cp314-cp314-macosx_12_0_arm64.whl", hash = "sha256:72132b9a8a0a1840197794d4dea26080069b6b0981c116bc078762dc9691b21b", size = 35878945, upload-time = "2026-07-10T08:28:18.222Z" },
    { url = "https://files.pythonhosted.org/packages/64/d1/ccb01db7329ea0411ef4fbd9b62a04d3268b36777d4e758d5e39b91ddeab/pyarrow-25.0.0-cp314-cp314-macosx_12_0_x86_64.whl", hash = "sha256:e009ef945e498dca2f050ea10d2e9764cb44017254826fc4574fdb8d2530173b", size = 37630854, upload-time = "2026-07-10T08:28:23.452Z" },
    { url = "https://files.pythonhosted.org/packages/af/9f/2d81ba89d1e4198d0cb25fe7529de936830fdaec0db926bb52a1ef7080d4/pyarrow-25.0.0-cp314-cp314-manylinux_2_28_aarch64.whl", hash = "sha256:f57a39dbcb416345401c2e77a4373669b45fd111a1768e6cf267a7a0607ff0ec", size = 46905617, upload-time = "2026-07-10T08:28:29.376Z" },
    { url = "https://files.pythonhosted.org/packages/6a/29/0ed312ec800fb536f93783215126cee4b8977dcfeccba6f0f44df0cc87d7/pyarrow-25.0.0-cp314-cp314-manylinux_2_28_x86_64.whl", hash = "sha256:447df764beb07c544f0178a5f6b70ef44b9ecf382b3cdfad4c2d7867353c3887", size = 50119765, upload-time = "2026-07-10T08:28:35.826Z" },
    { url = "https://files.pythonhosted.org/packages/ca/88/cab5063ba0c4d46a9f6b4b7eb1c9029dc0302d65cd5ab3510c949a386568/pyarrow-25.0.0-cp314-cp314-musllinux_1_2_aarch64.whl", hash = "sha256:ac5dfeee59f9ceb4d45ba76e83b026c38c24334135bb329d8274baa49cec3c62", size = 50027563, upload-time = "2026-07-10T08:28:43.848Z" },
    { url = "https://files.pythonhosted.org/packages/7b/fb/4d24f1b7fe2e042dc4ef315ef75e4e702d8e46fe10c37e63caff00502b03/pyarrow-25.0.0-cp314-cp314-musllinux_1_2_x86_64.whl", hash = "sha256:f0f100dacf2c0f400601664a79d1a907ced4740514bb2b00917341038e2ce76f", size = 53162437, upload-time = "2026-07-10T08:28:52.819Z" },
    { url = "https://files.pythonhosted.org/packages/fa/65/da20806de93ca6ee91e72cb6a9b08b3ac890b46efc8d94a7326c651c4c81/pyarrow-25.0.0-cp314-cp314-win_amd64.whl", hash = "sha256:2e093efbecb5317372f819228fa4b4e6157eee48d3f0a7b0303705ebf81a7104", size = 28613262, upload-time = "2026-07-10T08:29:47.544Z" },
    { url = "https://files.pythonhosted.org/packages/86/9f/c632afb1d3ef4a7814cee236718235f3a47eac46e97eb87df40f550b6b48/pyarrow-25.0.0-cp314-cp314t-macosx_12_0_arm64.whl", hash = "sha256:26be35b80780d2d21f4bae3d568b1666337c3a89722cc1794c956a77017cb24e", size = 36120702, upload-time = "2026-07-10T08:28:59.577Z" },
    { url = "https://files.pythonhosted.org/packages/36/0a/093d53a0e72ad06e45d6443e00651bbc2d21af4211295086cbf4d873d3b9/pyarrow-25.0.0-cp314-cp314t-macosx_12_0_x86_64.whl", hash = "sha256:6f4812bfbf11ca7d8faf59eb8fff8bf4dd25ce3a38b62baa010cc17a0926d1b2", size = 37750674, upload-time = "2026-07-10T08:29:06.916Z" },
    { url = "https://files.pythonhosted.org/packages/8a/18/b37fc31a69cff4bdfb8842683def5612f551b93fff6f44375e4a4a6a5535/pyarrow-25.0.0-cp314-cp314t-manylinux_2_28_aarch64.whl", hash = "sha256:b8af8ceedf0c9c160fd2b63440f2d205b9404db85866c1217bfea601de7cfb50", size = 46912304, upload-time = "2026-07-10T08:29:14.656Z" },
    { url = "https://files.pythonhosted.org/packages/32/35/5cae19ba72493e5598022468b56f6a5571f399f485bf412f157356476caa/pyarrow-25.0.0-cp314-cp314t-manylinux_2_28_x86_64.whl", hash = "sha256:c70a5fd9a82bd1a702fd482bdc62d38dcb672fb2b449b1d7c0d7d1f4be7b7bfe", size = 50073652, upload-time = "2026-07-10T08:29:22.467Z" },
    { url = "https://files.pythonhosted.org/packages/2e/a5/ddd508424bdfd5e6945765e9e2ffc687e2f6115972badc8ecf423076c407/pyarrow-25.0.0-cp314-cp314t-musllinux_1_2_aarch64.whl", hash = "sha256:0490a7f8b38ffe11cc26526b50c65d111cb54ddac3717cec781806793f1244dc", size = 50058654, upload-time = "2026-07-10T08:29:29.689Z" },
    { url = "https://files.pythonhosted.org/packages/5f/a4/324d0db203ff5eebe8694ec2d6ec5a23f9aaa5d02e5b8c692914c518c33c/pyarrow-25.0.0-cp314-cp314t-musllinux_1_2_x86_64.whl", hash = "sha256:e83916bbcf380866b4e14255850b33323ff678dc9758411d0409cdd2523880b0", size = 53140153, upload-time = "2026-07-10T08:29:36.041Z" },
    { url = "https://files.pythonhosted.org/packages/bd/8d/d236e9c82fe315f9128885c8be3ec719f41965a1eb6b6f4b42470904cd41/pyarrow-25.0.0-cp314-cp314t-win_amd64.whl", hash = "sha256:13240f0d3dc5932ccd0bfa90cd76d835680b9d94a7661c635df4b703d40ce849", size = 28743657, upload-time = "2026-07-10T08:29:42.742Z" },
]

[[package]]
name = "pygments"
version = "2.20.0"
source = { registry = "https://pypi.org/simple" }
sdist = { url = "https://files.pythonhosted.org/packages/c3/b2/bc9c9196916376152d655522fdcebac55e66de6603a76a02bca1b6414f6c/pygments-2.20.0.tar.gz", hash = "sha256:6757cd03768053ff99f3039c1a36d6c0aa0b263438fcab17520b30a303a82b5f", size = 4955991, upload-time = "2026-03-29T13:29:33.898Z" }
wheels = [
    { url = "https://files.pythonhosted.org/packages/f4/7e/a72dd26f3b0f4f2bf1dd8923c85f7ceb43172af56d63c7383eb62b332364/pygments-2.20.0-py3-none-any.whl", hash = "sha256:81a9e26dd42fd28a23a2d169d86d7ac03b46e2f8b59ed4698fb4785f946d0176", size = 1231151, upload-time = "2026-03-29T13:29:30.038Z" },
]

[[package]]
name = "pytest"
version = "9.1.1"
source = { registry = "https://pypi.org/simple" }
dependencies = [
    { name = "colorama", marker = "sys_platform == 'win32'" },
    { name = "iniconfig" },
    { name = "packaging" },
    { name = "pluggy" },
    { name = "pygments" },
]
sdist = { url = "https://files.pythonhosted.org/packages/e4/47/b9efed96c114afcfa3c9d3fe98a76a1d14c74a9e266d397cf6eb64be5e01/pytest-9.1.1.tar.gz", hash = "sha256:1088fbde8f2b49d95a549a195707afa7a76a3ce9bcadc26b6d71f0ffda5fe313", size = 1636369, upload-time = "2026-06-19T10:58:32.857Z" }
wheels = [
    { url = "https://files.pythonhosted.org/packages/24/25/1de2678b631f5a49215c6c96fff41ba892b0a34df68d6d80292b1b48aa7f/pytest-9.1.1-py3-none-any.whl", hash = "sha256:37a86b45efb9a47a61a36449063e8e18d0cab3161329fc099eb21783169c4f0c", size = 386536, upload-time = "2026-06-19T10:58:31.347Z" },
]

[[package]]
name = "python-dateutil"
version = "2.9.0.post0"
source = { registry = "https://pypi.org/simple" }
dependencies = [
    { name = "six" },
]
sdist = { url = "https://files.pythonhosted.org/packages/66/c0/0c8b6ad9f17a802ee498c46e004a0eb49bc148f2fd230864601a86dcf6db/python-dateutil-2.9.0.post0.tar.gz", hash = "sha256:37dd54208da7e1cd875388217d5e00ebd4179249f90fb72437e91a35459a0ad3", size = 342432, upload-time = "2024-03-01T18:36:20.211Z" }
wheels = [
    { url = "https://files.pythonhosted.org/packages/ec/57/56b9bcc3c9c6a792fcbaf139543cee77261f3651ca9da0c93f5c1221264b/python_dateutil-2.9.0.post0-py2.py3-none-any.whl", hash = "sha256:a8b2bc7bffae282281c8140a97d3aa9c14da0b136dfe83f850eea9a5f7470427", size = 229892, upload-time = "2024-03-01T18:36:18.57Z" },
]

[[package]]
name = "s3transfer"
version = "0.19.1"
source = { registry = "https://pypi.org/simple" }
dependencies = [
    { name = "botocore" },
]
sdist = { url = "https://files.pythonhosted.org/packages/65/da/4bef7ce7bb989b222aa4785a413896dbec53306dfc59c6ce7d16a7ffbd6a/s3transfer-0.19.1.tar.gz", hash = "sha256:d3d6371dc3f1e5c5427b2b457bcf13bcf87bec334c95aed18642eae61f6926f3", size = 165354, upload-time = "2026-07-10T19:32:04.849Z" }
wheels = [
    { url = "https://files.pythonhosted.org/packages/24/23/e84c64ad0e8bc59cd1b2ef98def848deff0ef3456c542afe74d51e9e8c85/s3transfer-0.19.1-py3-none-any.whl", hash = "sha256:d5fd7005ee39307455ad5f310b5ea67f4b1960d7fed5b3671ee50c249de675de", size = 90072, upload-time = "2026-07-10T19:32:03.673Z" },
]

[[package]]
name = "six"
version = "1.17.0"
source = { registry = "https://pypi.org/simple" }
sdist = { url = "https://files.pythonhosted.org/packages/94/e7/b2c673351809dca68a0e064b6af791aa332cf192da575fd474ed7d6f16a2/six-1.17.0.tar.gz", hash = "sha256:ff70335d468e7eb6ec65b95b99d3a2836546063f63acc5171de367e834932a81", size = 34031, upload-time = "2024-12-04T17:35:28.174Z" }
wheels = [
    { url = "https://files.pythonhosted.org/packages/b7/ce/149a00dd41f10bc29e5921b496af8b574d8413afcd5e30dfa0ed46c2cc5e/six-1.17.0-py2.py3-none-any.whl", hash = "sha256:4721f391ed90541fddacab5acf947aa0d3dc7d27b2e1e8eda2be8970586c3274", size = 11050, upload-time = "2024-12-04T17:35:26.475Z" },
]

[[package]]
name = "typing-extensions"
version = "4.16.0"
source = { registry = "https://pypi.org/simple" }
sdist = { url = "https://files.pythonhosted.org/packages/f6/cc/6253133b5bb138fc3306cebfbda2c520f545d36b5be2c7255cc528bb45d6/typing_extensions-4.16.0.tar.gz", hash = "sha256:dc983d19a509c94dba722ee6abd33940f7c05a89e243c47e907eb4db6f1a43e5", size = 113555, upload-time = "2026-07-02T08:40:05.92Z" }
wheels = [
    { url = "https://files.pythonhosted.org/packages/49/d3/b8441a820a491ddfc024b0b0cf0393375b75ea13866d9c66727e54c2fc80/typing_extensions-4.16.0-py3-none-any.whl", hash = "sha256:481caa481374e813c1b176ada14e97f1f67a4539ce9cfeb3f350d78d6370c2e8", size = 45571, upload-time = "2026-07-02T08:40:04.659Z" },
]

[[package]]
name = "urllib3"
version = "2.7.0"
source = { registry = "https://pypi.org/simple" }
sdist = { url = "https://files.pythonhosted.org/packages/53/0c/06f8b233b8fd13b9e5ee11424ef85419ba0d8ba0b3138bf360be2ff56953/urllib3-2.7.0.tar.gz", hash = "sha256:231e0ec3b63ceb14667c67be60f2f2c40a518cb38b03af60abc813da26505f4c", size = 433602, upload-time = "2026-05-07T16:13:18.596Z" }
wheels = [
    { url = "https://files.pythonhosted.org/packages/7f/3e/5db95bcf282c52709639744ca2a8b149baccf648e39c8cc87553df9eae0c/urllib3-2.7.0-py3-none-any.whl", hash = "sha256:9fb4c81ebbb1ce9531cce37674bbc6f1360472bc18ca9a553ede278ef7276897", size = 131087, upload-time = "2026-05-07T16:13:17.151Z" },
]

[[package]]
name = "vlake"
version = "0.1.0"
source = { editable = "." }
dependencies = [
    { name = "boto3" },
    { name = "click" },
    { name = "duckdb" },
    { name = "httpx" },
    { name = "pyarrow" },
]

[package.dev-dependencies]
dev = [
    { name = "pytest" },
]

[package.metadata]
requires-dist = [
    { name = "boto3", specifier = ">=1.43.45" },
    { name = "click", specifier = ">=8.4.2" },
    { name = "duckdb", specifier = ">=1.5.4" },
    { name = "httpx", specifier = ">=0.28.1" },
    { name = "pyarrow", specifier = ">=25.0.0" },
]

[package.metadata.requires-dev]
dev = [{ name = "pytest", specifier = ">=9.1.1" }]
